// !$*UTF8*$!
{
	archiveVersion = 1;
	classes = {
	};
	objectVersion = 56;
	objects = {

/* Begin PBXBuildFile section */
		FD22A1C42C33801700763C01 /* pexels_testApp.swift in Sources */ = {isa = PBXBuildFile; fileRef = FD22A1C32C33801700763C01 /* pexels_testApp.swift */; };
		FD22A1C62C33801700763C01 /* ContentView.swift in Sources */ = {isa = PBXBuildFile; fileRef = FD22A1C52C33801700763C01 /* ContentView.swift */; };
		FD22A1C82C33801800763C01 /* Assets.xcassets in Resources */ = {isa = PBXBuildFile; fileRef = FD22A1C72C33801800763C01 /* Assets.xcassets */; };
		FD22A1CB2C33801800763C01 /* Preview Assets.xcassets in Resources */ = {isa = PBXBuildFile; fileRef = FD22A1CA2C33801800763C01 /* Preview Assets.xcassets */; };
		FD789BA92C34F3B6008A759D /* PexelsService.swift in Sources */ = {isa = PBXBuildFile; fileRef = FD789BA82C34F3B6008A759D /* PexelsService.swift */; };
		FD789BAB2C34F4A3008A759D /* Video.swift in Sources */ = {isa = PBXBuildFile; fileRef = FD789BAA2C34F4A3008A759D /* Video.swift */; };
		FD789BAD2C34F4DF008A759D /* VideoObject.swift in Sources */ = {isa = PBXBuildFile; fileRef = FD789BAC2C34F4DF008A759D /* VideoObject.swift */; };
		FD789BB02C34F4F8008A759D /* RealmSwift in Frameworks */ = {isa = PBXBuildFile; productRef = FD789BAF2C34F4F8008A759D /* RealmSwift */; };
		FD789BB12C34F4F8008A759D /* RealmSwift in Embed Frameworks */ = {isa = PBXBuildFile; productRef = FD789BAF2C34F4F8008A759D /* RealmSwift */; settings = {ATTRIBUTES = (CodeSignOnCopy, ); }; };
		FD789BB42C34F7B9008A759D /* PexelsServiceTests.swift in Sources */ = {isa = PBXBuildFile; fileRef = FD789BB32C34F7B9008A759D /* PexelsServiceTests.swift */; };
		FD789BB72C34FE90008A759D /* Utils.swift in Sources */ = {isa = PBXBuildFile; fileRef = FD789BB62C34FE90008A759D /* Utils.swift */; };
		FD789BBB2C34FF89008A759D /* PexelsSampleResponse.json in Resources */ = {isa = PBXBuildFile; fileRef = FD789BBA2C34FF89008A759D /* PexelsSampleResponse.json */; };
		FD789BC02C3503EF008A759D /* VideoRepository.swift in Sources */ = {isa = PBXBuildFile; fileRef = FD789BBF2C3503EF008A759D /* VideoRepository.swift */; };
		FD789BC32C3506A3008A759D /* MockVideoRepository.swift in Sources */ = {isa = PBXBuildFile; fileRef = FD789BC22C3506A3008A759D /* MockVideoRepository.swift */; };
		FD789BCE2C3508A5008A759D /* VideoRepositoryTests.swift in Sources */ = {isa = PBXBuildFile; fileRef = FD789BCD2C3508A5008A759D /* VideoRepositoryTests.swift */; };
		FD789BD02C35096A008A759D /* RealmSwift in Frameworks */ = {isa = PBXBuildFile; productRef = FD789BCF2C35096A008A759D /* RealmSwift */; };
		FD789BD12C35096A008A759D /* RealmSwift in Embed Frameworks */ = {isa = PBXBuildFile; productRef = FD789BCF2C35096A008A759D /* RealmSwift */; settings = {ATTRIBUTES = (CodeSignOnCopy, ); }; };
		FD789BD42C350C3D008A759D /* pexels_testUITests.swift in Sources */ = {isa = PBXBuildFile; fileRef = FD789BD32C350C3D008A759D /* pexels_testUITests.swift */; };
		FD789BDA2C35108E008A759D /* VideoListViewModel.swift in Sources */ = {isa = PBXBuildFile; fileRef = FD789BD92C35108E008A759D /* VideoListViewModel.swift */; };
		FD789BDC2C35147B008A759D /* MockPexelsService.swift in Sources */ = {isa = PBXBuildFile; fileRef = FD789BDB2C35147B008A759D /* MockPexelsService.swift */; };
		FD789BDE2C351714008A759D /* Secrets.plist in Resources */ = {isa = PBXBuildFile; fileRef = FD789BDD2C351714008A759D /* Secrets.plist */; };
		FD789BE02C351797008A759D /* VideoListViewModelTests.swift in Sources */ = {isa = PBXBuildFile; fileRef = FD789BDF2C351797008A759D /* VideoListViewModelTests.swift */; };
		FD7F19242C37686C0058085A /* NetworkMonitor.swift in Sources */ = {isa = PBXBuildFile; fileRef = FD7F19232C37686C0058085A /* NetworkMonitor.swift */; };
		FD7F19262C3768A20058085A /* MockNetworkMonitor.swift in Sources */ = {isa = PBXBuildFile; fileRef = FD7F19252C3768A20058085A /* MockNetworkMonitor.swift */; };
		FD7F19282C376B100058085A /* NetworkMonitorTests.swift in Sources */ = {isa = PBXBuildFile; fileRef = FD7F19272C376B100058085A /* NetworkMonitorTests.swift */; };
/* End PBXBuildFile section */

/* Begin PBXContainerItemProxy section */
		FD22A1D12C33801900763C01 /* PBXContainerItemProxy */ = {
			isa = PBXContainerItemProxy;
			containerPortal = FD22A1B82C33801700763C01 /* Project object */;
			proxyType = 1;
			remoteGlobalIDString = FD22A1BF2C33801700763C01;
			remoteInfo = "pexels-test";
		};
		FD22A1DB2C33801900763C01 /* PBXContainerItemProxy */ = {
			isa = PBXContainerItemProxy;
			containerPortal = FD22A1B82C33801700763C01 /* Project object */;
			proxyType = 1;
			remoteGlobalIDString = FD22A1BF2C33801700763C01;
			remoteInfo = "pexels-test";
		};
/* End PBXContainerItemProxy section */

/* Begin PBXCopyFilesBuildPhase section */
		FD789BB22C34F4F8008A759D /* Embed Frameworks */ = {
			isa = PBXCopyFilesBuildPhase;
			buildActionMask = 2147483647;
			dstPath = "";
			dstSubfolderSpec = 10;
			files = (
				FD789BB12C34F4F8008A759D /* RealmSwift in Embed Frameworks */,
			);
			name = "Embed Frameworks";
			runOnlyForDeploymentPostprocessing = 0;
		};
		FD789BD22C35096A008A759D /* Embed Frameworks */ = {
			isa = PBXCopyFilesBuildPhase;
			buildActionMask = 2147483647;
			dstPath = "";
			dstSubfolderSpec = 10;
			files = (
				FD789BD12C35096A008A759D /* RealmSwift in Embed Frameworks */,
			);
			name = "Embed Frameworks";
			runOnlyForDeploymentPostprocessing = 0;
		};
/* End PBXCopyFilesBuildPhase section */

/* Begin PBXFileReference section */
		FD22A1C02C33801700763C01 /* pexels-test.app */ = {isa = PBXFileReference; explicitFileType = wrapper.application; includeInIndex = 0; path = "pexels-test.app"; sourceTree = BUILT_PRODUCTS_DIR; };
		FD22A1C32C33801700763C01 /* pexels_testApp.swift */ = {isa = PBXFileReference; lastKnownFileType = sourcecode.swift; path = pexels_testApp.swift; sourceTree = "<group>"; };
		FD22A1C52C33801700763C01 /* ContentView.swift */ = {isa = PBXFileReference; lastKnownFileType = sourcecode.swift; path = ContentView.swift; sourceTree = "<group>"; };
		FD22A1C72C33801800763C01 /* Assets.xcassets */ = {isa = PBXFileReference; lastKnownFileType = folder.assetcatalog; path = Assets.xcassets; sourceTree = "<group>"; };
		FD22A1CA2C33801800763C01 /* Preview Assets.xcassets */ = {isa = PBXFileReference; lastKnownFileType = folder.assetcatalog; path = "Preview Assets.xcassets"; sourceTree = "<group>"; };
		FD22A1D02C33801900763C01 /* pexels-testTests.xctest */ = {isa = PBXFileReference; explicitFileType = wrapper.cfbundle; includeInIndex = 0; path = "pexels-testTests.xctest"; sourceTree = BUILT_PRODUCTS_DIR; };
		FD22A1DA2C33801900763C01 /* pexels-testUITests.xctest */ = {isa = PBXFileReference; explicitFileType = wrapper.cfbundle; includeInIndex = 0; path = "pexels-testUITests.xctest"; sourceTree = BUILT_PRODUCTS_DIR; };
		FD789BA82C34F3B6008A759D /* PexelsService.swift */ = {isa = PBXFileReference; lastKnownFileType = sourcecode.swift; path = PexelsService.swift; sourceTree = "<group>"; };
		FD789BAA2C34F4A3008A759D /* Video.swift */ = {isa = PBXFileReference; lastKnownFileType = sourcecode.swift; path = Video.swift; sourceTree = "<group>"; };
		FD789BAC2C34F4DF008A759D /* VideoObject.swift */ = {isa = PBXFileReference; lastKnownFileType = sourcecode.swift; path = VideoObject.swift; sourceTree = "<group>"; };
		FD789BB32C34F7B9008A759D /* PexelsServiceTests.swift */ = {isa = PBXFileReference; lastKnownFileType = sourcecode.swift; path = PexelsServiceTests.swift; sourceTree = "<group>"; };
		FD789BB62C34FE90008A759D /* Utils.swift */ = {isa = PBXFileReference; lastKnownFileType = sourcecode.swift; path = Utils.swift; sourceTree = "<group>"; };
		FD789BBA2C34FF89008A759D /* PexelsSampleResponse.json */ = {isa = PBXFileReference; lastKnownFileType = text.json; path = PexelsSampleResponse.json; sourceTree = "<group>"; };
		FD789BBF2C3503EF008A759D /* VideoRepository.swift */ = {isa = PBXFileReference; lastKnownFileType = sourcecode.swift; path = VideoRepository.swift; sourceTree = "<group>"; };
		FD789BC22C3506A3008A759D /* MockVideoRepository.swift */ = {isa = PBXFileReference; lastKnownFileType = sourcecode.swift; path = MockVideoRepository.swift; sourceTree = "<group>"; };
		FD789BCD2C3508A5008A759D /* VideoRepositoryTests.swift */ = {isa = PBXFileReference; lastKnownFileType = sourcecode.swift; path = VideoRepositoryTests.swift; sourceTree = "<group>"; };
		FD789BD32C350C3D008A759D /* pexels_testUITests.swift */ = {isa = PBXFileReference; lastKnownFileType = sourcecode.swift; path = pexels_testUITests.swift; sourceTree = "<group>"; };
		FD789BD92C35108E008A759D /* VideoListViewModel.swift */ = {isa = PBXFileReference; lastKnownFileType = sourcecode.swift; path = VideoListViewModel.swift; sourceTree = "<group>"; };
		FD789BDB2C35147B008A759D /* MockPexelsService.swift */ = {isa = PBXFileReference; lastKnownFileType = sourcecode.swift; path = MockPexelsService.swift; sourceTree = "<group>"; };
		FD789BDD2C351714008A759D /* Secrets.plist */ = {isa = PBXFileReference; fileEncoding = 4; lastKnownFileType = text.plist.xml; path = Secrets.plist; sourceTree = SOURCE_ROOT; };
		FD789BDF2C351797008A759D /* VideoListViewModelTests.swift */ = {isa = PBXFileReference; lastKnownFileType = sourcecode.swift; path = VideoListViewModelTests.swift; sourceTree = "<group>"; };
		FD7F19232C37686C0058085A /* NetworkMonitor.swift */ = {isa = PBXFileReference; lastKnownFileType = sourcecode.swift; path = NetworkMonitor.swift; sourceTree = "<group>"; };
		FD7F19252C3768A20058085A /* MockNetworkMonitor.swift */ = {isa = PBXFileReference; lastKnownFileType = sourcecode.swift; path = MockNetworkMonitor.swift; sourceTree = "<group>"; };
		FD7F19272C376B100058085A /* NetworkMonitorTests.swift */ = {isa = PBXFileReference; lastKnownFileType = sourcecode.swift; path = NetworkMonitorTests.swift; sourceTree = "<group>"; };
/* End PBXFileReference section */

/* Begin PBXFrameworksBuildPhase section */
		FD22A1BD2C33801700763C01 /* Frameworks */ = {
			isa = PBXFrameworksBuildPhase;
			buildActionMask = 2147483647;
			files = (
				FD789BB02C34F4F8008A759D /* RealmSwift in Frameworks */,
			);
			runOnlyForDeploymentPostprocessing = 0;
		};
		FD22A1CD2C33801900763C01 /* Frameworks */ = {
			isa = PBXFrameworksBuildPhase;
			buildActionMask = 2147483647;
			files = (
				FD789BD02C35096A008A759D /* RealmSwift in Frameworks */,
			);
			runOnlyForDeploymentPostprocessing = 0;
		};
		FD22A1D72C33801900763C01 /* Frameworks */ = {
			isa = PBXFrameworksBuildPhase;
			buildActionMask = 2147483647;
			files = (
			);
			runOnlyForDeploymentPostprocessing = 0;
		};
/* End PBXFrameworksBuildPhase section */

/* Begin PBXGroup section */
		FD22A1B72C33801700763C01 = {
			isa = PBXGroup;
			children = (
				FD22A1C22C33801700763C01 /* pexels-test */,
				FD22A1D32C33801900763C01 /* pexels-testTests */,
				FD22A1DD2C33801900763C01 /* pexels-testUITests */,
				FD22A1C12C33801700763C01 /* Products */,
				FD789BAE2C34F4F8008A759D /* Frameworks */,
			);
			sourceTree = "<group>";
		};
		FD22A1C12C33801700763C01 /* Products */ = {
			isa = PBXGroup;
			children = (
				FD22A1C02C33801700763C01 /* pexels-test.app */,
				FD22A1D02C33801900763C01 /* pexels-testTests.xctest */,
				FD22A1DA2C33801900763C01 /* pexels-testUITests.xctest */,
			);
			name = Products;
			sourceTree = "<group>";
		};
		FD22A1C22C33801700763C01 /* pexels-test */ = {
			isa = PBXGroup;
			children = (
				FD789BDD2C351714008A759D /* Secrets.plist */,
				FD789BD72C35103F008A759D /* App */,
				FD789BA72C34F386008A759D /* Repository */,
				FD789BA62C34F380008A759D /* Services */,
				FD789BD52C35101E008A759D /* ViewModels */,
				FD789BD62C351029008A759D /* Views */,
				FD7F19222C3768550058085A /* Utils */,
				FD789BD82C35104B008A759D /* Resources */,
				FD22A1C92C33801800763C01 /* Preview Content */,
			);
			path = "pexels-test";
			sourceTree = "<group>";
		};
		FD22A1C92C33801800763C01 /* Preview Content */ = {
			isa = PBXGroup;
			children = (
				FD22A1CA2C33801800763C01 /* Preview Assets.xcassets */,
			);
			path = "Preview Content";
			sourceTree = "<group>";
		};
		FD22A1D32C33801900763C01 /* pexels-testTests */ = {
			isa = PBXGroup;
			children = (
				FD789BB52C34FE24008A759D /* Utils */,
				FD789BB92C34FF3D008A759D /* JSON */,
				FD789BB82C34FE9C008A759D /* Mocks */,
				FD789BB32C34F7B9008A759D /* PexelsServiceTests.swift */,
				FD789BCD2C3508A5008A759D /* VideoRepositoryTests.swift */,
				FD789BDF2C351797008A759D /* VideoListViewModelTests.swift */,
				FD7F19272C376B100058085A /* NetworkMonitorTests.swift */,
			);
			path = "pexels-testTests";
			sourceTree = "<group>";
		};
		FD22A1DD2C33801900763C01 /* pexels-testUITests */ = {
			isa = PBXGroup;
			children = (
				FD789BD32C350C3D008A759D /* pexels_testUITests.swift */,
			);
			path = "pexels-testUITests";
			sourceTree = "<group>";
		};
		FD789BA62C34F380008A759D /* Services */ = {
			isa = PBXGroup;
			children = (
				FD7F19212C3767C30058085A /* Entities */,
				FD789BA82C34F3B6008A759D /* PexelsService.swift */,
			);
			path = Services;
			sourceTree = "<group>";
		};
		FD789BA72C34F386008A759D /* Repository */ = {
			isa = PBXGroup;
			children = (
				FD789BAC2C34F4DF008A759D /* VideoObject.swift */,
				FD789BBF2C3503EF008A759D /* VideoRepository.swift */,
			);
			path = Repository;
			sourceTree = "<group>";
		};
		FD789BAE2C34F4F8008A759D /* Frameworks */ = {
			isa = PBXGroup;
			children = (
			);
			name = Frameworks;
			sourceTree = "<group>";
		};
		FD789BB52C34FE24008A759D /* Utils */ = {
			isa = PBXGroup;
			children = (
				FD789BB62C34FE90008A759D /* Utils.swift */,
			);
			path = Utils;
			sourceTree = "<group>";
		};
		FD789BB82C34FE9C008A759D /* Mocks */ = {
			isa = PBXGroup;
			children = (
				FD789BC22C3506A3008A759D /* MockVideoRepository.swift */,
				FD789BDB2C35147B008A759D /* MockPexelsService.swift */,
				FD7F19252C3768A20058085A /* MockNetworkMonitor.swift */,
			);
			path = Mocks;
			sourceTree = "<group>";
		};
		FD789BB92C34FF3D008A759D /* JSON */ = {
			isa = PBXGroup;
			children = (
				FD789BBA2C34FF89008A759D /* PexelsSampleResponse.json */,
			);
			path = JSON;
			sourceTree = "<group>";
		};
		FD789BD52C35101E008A759D /* ViewModels */ = {
			isa = PBXGroup;
			children = (
				FD789BD92C35108E008A759D /* VideoListViewModel.swift */,
			);
			path = ViewModels;
			sourceTree = "<group>";
		};
		FD789BD62C351029008A759D /* Views */ = {
			isa = PBXGroup;
			children = (
				FD22A1C52C33801700763C01 /* ContentView.swift */,
			);
			path = Views;
			sourceTree = "<group>";
		};
		FD789BD72C35103F008A759D /* App */ = {
			isa = PBXGroup;
			children = (
				FD22A1C32C33801700763C01 /* pexels_testApp.swift */,
			);
			path = App;
			sourceTree = "<group>";
		};
		FD789BD82C35104B008A759D /* Resources */ = {
			isa = PBXGroup;
			children = (
				FD22A1C72C33801800763C01 /* Assets.xcassets */,
			);
			path = Resources;
			sourceTree = "<group>";
		};
		FD7F19212C3767C30058085A /* Entities */ = {
			isa = PBXGroup;
			children = (
				FD789BAA2C34F4A3008A759D /* Video.swift */,
			);
			path = Entities;
			sourceTree = "<group>";
		};
		FD7F19222C3768550058085A /* Utils */ = {
			isa = PBXGroup;
			children = (
				FD7F19232C37686C0058085A /* NetworkMonitor.swift */,
			);
			path = Utils;
			sourceTree = "<group>";
		};
/* End PBXGroup section */

/* Begin PBXNativeTarget section */
		FD22A1BF2C33801700763C01 /* pexels-test */ = {
			isa = PBXNativeTarget;
			buildConfigurationList = FD22A1E42C33801900763C01 /* Build configuration list for PBXNativeTarget "pexels-test" */;
			buildPhases = (
				FD22A1BC2C33801700763C01 /* Sources */,
				FD22A1BD2C33801700763C01 /* Frameworks */,
				FD22A1BE2C33801700763C01 /* Resources */,
				FD789BA42C34D087008A759D /* Swiftlint */,
				FD789BB22C34F4F8008A759D /* Embed Frameworks */,
			);
			buildRules = (
			);
			dependencies = (
			);
			name = "pexels-test";
			packageProductDependencies = (
				FD789BAF2C34F4F8008A759D /* RealmSwift */,
			);
			productName = "pexels-test";
			productReference = FD22A1C02C33801700763C01 /* pexels-test.app */;
			productType = "com.apple.product-type.application";
		};
		FD22A1CF2C33801900763C01 /* pexels-testTests */ = {
			isa = PBXNativeTarget;
			buildConfigurationList = FD22A1E72C33801900763C01 /* Build configuration list for PBXNativeTarget "pexels-testTests" */;
			buildPhases = (
				FD22A1CC2C33801900763C01 /* Sources */,
				FD22A1CD2C33801900763C01 /* Frameworks */,
				FD22A1CE2C33801900763C01 /* Resources */,
				FD789BD22C35096A008A759D /* Embed Frameworks */,
			);
			buildRules = (
			);
			dependencies = (
				FD22A1D22C33801900763C01 /* PBXTargetDependency */,
			);
			name = "pexels-testTests";
			packageProductDependencies = (
				FD789BCF2C35096A008A759D /* RealmSwift */,
			);
			productName = "pexels-testTests";
			productReference = FD22A1D02C33801900763C01 /* pexels-testTests.xctest */;
			productType = "com.apple.product-type.bundle.unit-test";
		};
		FD22A1D92C33801900763C01 /* pexels-testUITests */ = {
			isa = PBXNativeTarget;
			buildConfigurationList = FD22A1EA2C33801900763C01 /* Build configuration list for PBXNativeTarget "pexels-testUITests" */;
			buildPhases = (
				FD22A1D62C33801900763C01 /* Sources */,
				FD22A1D72C33801900763C01 /* Frameworks */,
				FD22A1D82C33801900763C01 /* Resources */,
			);
			buildRules = (
			);
			dependencies = (
				FD22A1DC2C33801900763C01 /* PBXTargetDependency */,
			);
			name = "pexels-testUITests";
			productName = "pexels-testUITests";
			productReference = FD22A1DA2C33801900763C01 /* pexels-testUITests.xctest */;
			productType = "com.apple.product-type.bundle.ui-testing";
		};
/* End PBXNativeTarget section */

/* Begin PBXProject section */
		FD22A1B82C33801700763C01 /* Project object */ = {
			isa = PBXProject;
			attributes = {
				BuildIndependentTargetsInParallel = 1;
				LastSwiftUpdateCheck = 1540;
				LastUpgradeCheck = 1540;
				TargetAttributes = {
					FD22A1BF2C33801700763C01 = {
						CreatedOnToolsVersion = 15.4;
					};
					FD22A1CF2C33801900763C01 = {
						CreatedOnToolsVersion = 15.4;
						LastSwiftMigration = 1540;
						TestTargetID = FD22A1BF2C33801700763C01;
					};
					FD22A1D92C33801900763C01 = {
						CreatedOnToolsVersion = 15.4;
						LastSwiftMigration = 1540;
						TestTargetID = FD22A1BF2C33801700763C01;
					};
				};
			};
			buildConfigurationList = FD22A1BB2C33801700763C01 /* Build configuration list for PBXProject "pexels-test" */;
			compatibilityVersion = "Xcode 14.0";
			developmentRegion = en;
			hasScannedForEncodings = 0;
			knownRegions = (
				en,
				Base,
			);
			mainGroup = FD22A1B72C33801700763C01;
			packageReferences = (
				FD789BA52C34F0AB008A759D /* XCRemoteSwiftPackageReference "realm-swift" */,
			);
			productRefGroup = FD22A1C12C33801700763C01 /* Products */;
			projectDirPath = "";
			projectRoot = "";
			targets = (
				FD22A1BF2C33801700763C01 /* pexels-test */,
				FD22A1CF2C33801900763C01 /* pexels-testTests */,
				FD22A1D92C33801900763C01 /* pexels-testUITests */,
			);
		};
/* End PBXProject section */

/* Begin PBXResourcesBuildPhase section */
		FD22A1BE2C33801700763C01 /* Resources */ = {
			isa = PBXResourcesBuildPhase;
			buildActionMask = 2147483647;
			files = (
				FD22A1CB2C33801800763C01 /* Preview Assets.xcassets in Resources */,
				FD789BDE2C351714008A759D /* Secrets.plist in Resources */,
				FD22A1C82C33801800763C01 /* Assets.xcassets in Resources */,
			);
			runOnlyForDeploymentPostprocessing = 0;
		};
		FD22A1CE2C33801900763C01 /* Resources */ = {
			isa = PBXResourcesBuildPhase;
			buildActionMask = 2147483647;
			files = (
				FD789BBB2C34FF89008A759D /* PexelsSampleResponse.json in Resources */,
			);
			runOnlyForDeploymentPostprocessing = 0;
		};
		FD22A1D82C33801900763C01 /* Resources */ = {
			isa = PBXResourcesBuildPhase;
			buildActionMask = 2147483647;
			files = (
			);
			runOnlyForDeploymentPostprocessing = 0;
		};
/* End PBXResourcesBuildPhase section */

/* Begin PBXShellScriptBuildPhase section */
		FD789BA42C34D087008A759D /* Swiftlint */ = {
			isa = PBXShellScriptBuildPhase;
			alwaysOutOfDate = 1;
			buildActionMask = 2147483647;
			files = (
			);
			inputFileListPaths = (
			);
			inputPaths = (
			);
			name = Swiftlint;
			outputFileListPaths = (
			);
			outputPaths = (
			);
			runOnlyForDeploymentPostprocessing = 0;
			shellPath = /bin/sh;
			shellScript = "cd \"$SRCROOT\"\nexport PATH=/opt/homebrew/bin:/usr/local/bin:/usr/bin:/bin:/usr/sbin:/sbin\n\n# Run SwiftLint\nif [ -x /opt/homebrew/bin/swiftlint ]; then\n  /opt/homebrew/bin/swiftlint\nelse\n  echo \"warning: SwiftLint not installed, download from https://github.com/realm/SwiftLint\"\nfi\n";
		};
/* End PBXShellScriptBuildPhase section */

/* Begin PBXSourcesBuildPhase section */
		FD22A1BC2C33801700763C01 /* Sources */ = {
			isa = PBXSourcesBuildPhase;
			buildActionMask = 2147483647;
			files = (
				FD789BA92C34F3B6008A759D /* PexelsService.swift in Sources */,
				FD7F19242C37686C0058085A /* NetworkMonitor.swift in Sources */,
				FD789BAB2C34F4A3008A759D /* Video.swift in Sources */,
				FD22A1C62C33801700763C01 /* ContentView.swift in Sources */,
				FD789BDA2C35108E008A759D /* VideoListViewModel.swift in Sources */,
				FD789BC02C3503EF008A759D /* VideoRepository.swift in Sources */,
				FD22A1C42C33801700763C01 /* pexels_testApp.swift in Sources */,
				FD789BAD2C34F4DF008A759D /* VideoObject.swift in Sources */,
			);
			runOnlyForDeploymentPostprocessing = 0;
		};
		FD22A1CC2C33801900763C01 /* Sources */ = {
			isa = PBXSourcesBuildPhase;
			buildActionMask = 2147483647;
			files = (
				FD789BC32C3506A3008A759D /* MockVideoRepository.swift in Sources */,
				FD7F19282C376B100058085A /* NetworkMonitorTests.swift in Sources */,
				FD789BB42C34F7B9008A759D /* PexelsServiceTests.swift in Sources */,
				FD7F19262C3768A20058085A /* MockNetworkMonitor.swift in Sources */,
				FD789BE02C351797008A759D /* VideoListViewModelTests.swift in Sources */,
				FD789BB72C34FE90008A759D /* Utils.swift in Sources */,
				FD789BDC2C35147B008A759D /* MockPexelsService.swift in Sources */,
				FD789BCE2C3508A5008A759D /* VideoRepositoryTests.swift in Sources */,
			);
			runOnlyForDeploymentPostprocessing = 0;
		};
		FD22A1D62C33801900763C01 /* Sources */ = {
			isa = PBXSourcesBuildPhase;
			buildActionMask = 2147483647;
			files = (
				FD789BD42C350C3D008A759D /* pexels_testUITests.swift in Sources */,
			);
			runOnlyForDeploymentPostprocessing = 0;
		};
/* End PBXSourcesBuildPhase section */

/* Begin PBXTargetDependency section */
		FD22A1D22C33801900763C01 /* PBXTargetDependency */ = {
			isa = PBXTargetDependency;
			target = FD22A1BF2C33801700763C01 /* pexels-test */;
			targetProxy = FD22A1D12C33801900763C01 /* PBXContainerItemProxy */;
		};
		FD22A1DC2C33801900763C01 /* PBXTargetDependency */ = {
			isa = PBXTargetDependency;
			target = FD22A1BF2C33801700763C01 /* pexels-test */;
			targetProxy = FD22A1DB2C33801900763C01 /* PBXContainerItemProxy */;
		};
/* End PBXTargetDependency section */

/* Begin XCBuildConfiguration section */
		FD22A1E22C33801900763C01 /* Debug */ = {
			isa = XCBuildConfiguration;
			buildSettings = {
				ALWAYS_SEARCH_USER_PATHS = NO;
				ASSETCATALOG_COMPILER_GENERATE_SWIFT_ASSET_SYMBOL_EXTENSIONS = YES;
				CLANG_ANALYZER_NONNULL = YES;
				CLANG_ANALYZER_NUMBER_OBJECT_CONVERSION = YES_AGGRESSIVE;
				CLANG_CXX_LANGUAGE_STANDARD = "gnu++20";
				CLANG_ENABLE_MODULES = YES;
				CLANG_ENABLE_OBJC_ARC = YES;
				CLANG_ENABLE_OBJC_WEAK = YES;
				CLANG_WARN_BLOCK_CAPTURE_AUTORELEASING = YES;
				CLANG_WARN_BOOL_CONVERSION = YES;
				CLANG_WARN_COMMA = YES;
				CLANG_WARN_CONSTANT_CONVERSION = YES;
				CLANG_WARN_DEPRECATED_OBJC_IMPLEMENTATIONS = YES;
				CLANG_WARN_DIRECT_OBJC_ISA_USAGE = YES_ERROR;
				CLANG_WARN_DOCUMENTATION_COMMENTS = YES;
				CLANG_WARN_EMPTY_BODY = YES;
				CLANG_WARN_ENUM_CONVERSION = YES;
				CLANG_WARN_INFINITE_RECURSION = YES;
				CLANG_WARN_INT_CONVERSION = YES;
				CLANG_WARN_NON_LITERAL_NULL_CONVERSION = YES;
				CLANG_WARN_OBJC_IMPLICIT_RETAIN_SELF = YES;
				CLANG_WARN_OBJC_LITERAL_CONVERSION = YES;
				CLANG_WARN_OBJC_ROOT_CLASS = YES_ERROR;
				CLANG_WARN_QUOTED_INCLUDE_IN_FRAMEWORK_HEADER = YES;
				CLANG_WARN_RANGE_LOOP_ANALYSIS = YES;
				CLANG_WARN_STRICT_PROTOTYPES = YES;
				CLANG_WARN_SUSPICIOUS_MOVE = YES;
				CLANG_WARN_UNGUARDED_AVAILABILITY = YES_AGGRESSIVE;
				CLANG_WARN_UNREACHABLE_CODE = YES;
				CLANG_WARN__DUPLICATE_METHOD_MATCH = YES;
				COPY_PHASE_STRIP = NO;
				DEBUG_INFORMATION_FORMAT = dwarf;
				ENABLE_STRICT_OBJC_MSGSEND = YES;
				ENABLE_TESTABILITY = YES;
				ENABLE_USER_SCRIPT_SANDBOXING = YES;
				GCC_C_LANGUAGE_STANDARD = gnu17;
				GCC_DYNAMIC_NO_PIC = NO;
				GCC_NO_COMMON_BLOCKS = YES;
				GCC_OPTIMIZATION_LEVEL = 0;
				GCC_PREPROCESSOR_DEFINITIONS = (
					"DEBUG=1",
					"$(inherited)",
				);
				GCC_WARN_64_TO_32_BIT_CONVERSION = YES;
				GCC_WARN_ABOUT_RETURN_TYPE = YES_ERROR;
				GCC_WARN_UNDECLARED_SELECTOR = YES;
				GCC_WARN_UNINITIALIZED_AUTOS = YES_AGGRESSIVE;
				GCC_WARN_UNUSED_FUNCTION = YES;
				GCC_WARN_UNUSED_VARIABLE = YES;
				IPHONEOS_DEPLOYMENT_TARGET = 17.5;
				LOCALIZATION_PREFERS_STRING_CATALOGS = YES;
				MTL_ENABLE_DEBUG_INFO = INCLUDE_SOURCE;
				MTL_FAST_MATH = YES;
				ONLY_ACTIVE_ARCH = YES;
				SDKROOT = iphoneos;
				SWIFT_ACTIVE_COMPILATION_CONDITIONS = "DEBUG $(inherited)";
				SWIFT_OPTIMIZATION_LEVEL = "-Onone";
			};
			name = Debug;
		};
		FD22A1E32C33801900763C01 /* Release */ = {
			isa = XCBuildConfiguration;
			buildSettings = {
				ALWAYS_SEARCH_USER_PATHS = NO;
				ASSETCATALOG_COMPILER_GENERATE_SWIFT_ASSET_SYMBOL_EXTENSIONS = YES;
				CLANG_ANALYZER_NONNULL = YES;
				CLANG_ANALYZER_NUMBER_OBJECT_CONVERSION = YES_AGGRESSIVE;
				CLANG_CXX_LANGUAGE_STANDARD = "gnu++20";
				CLANG_ENABLE_MODULES = YES;
				CLANG_ENABLE_OBJC_ARC = YES;
				CLANG_ENABLE_OBJC_WEAK = YES;
				CLANG_WARN_BLOCK_CAPTURE_AUTORELEASING = YES;
				CLANG_WARN_BOOL_CONVERSION = YES;
				CLANG_WARN_COMMA = YES;
				CLANG_WARN_CONSTANT_CONVERSION = YES;
				CLANG_WARN_DEPRECATED_OBJC_IMPLEMENTATIONS = YES;
				CLANG_WARN_DIRECT_OBJC_ISA_USAGE = YES_ERROR;
				CLANG_WARN_DOCUMENTATION_COMMENTS = YES;
				CLANG_WARN_EMPTY_BODY = YES;
				CLANG_WARN_ENUM_CONVERSION = YES;
				CLANG_WARN_INFINITE_RECURSION = YES;
				CLANG_WARN_INT_CONVERSION = YES;
				CLANG_WARN_NON_LITERAL_NULL_CONVERSION = YES;
				CLANG_WARN_OBJC_IMPLICIT_RETAIN_SELF = YES;
				CLANG_WARN_OBJC_LITERAL_CONVERSION = YES;
				CLANG_WARN_OBJC_ROOT_CLASS = YES_ERROR;
				CLANG_WARN_QUOTED_INCLUDE_IN_FRAMEWORK_HEADER = YES;
				CLANG_WARN_RANGE_LOOP_ANALYSIS = YES;
				CLANG_WARN_STRICT_PROTOTYPES = YES;
				CLANG_WARN_SUSPICIOUS_MOVE = YES;
				CLANG_WARN_UNGUARDED_AVAILABILITY = YES_AGGRESSIVE;
				CLANG_WARN_UNREACHABLE_CODE = YES;
				CLANG_WARN__DUPLICATE_METHOD_MATCH = YES;
				COPY_PHASE_STRIP = NO;
				DEBUG_INFORMATION_FORMAT = "dwarf-with-dsym";
				ENABLE_NS_ASSERTIONS = NO;
				ENABLE_STRICT_OBJC_MSGSEND = YES;
				ENABLE_USER_SCRIPT_SANDBOXING = YES;
				GCC_C_LANGUAGE_STANDARD = gnu17;
				GCC_NO_COMMON_BLOCKS = YES;
				GCC_WARN_64_TO_32_BIT_CONVERSION = YES;
				GCC_WARN_ABOUT_RETURN_TYPE = YES_ERROR;
				GCC_WARN_UNDECLARED_SELECTOR = YES;
				GCC_WARN_UNINITIALIZED_AUTOS = YES_AGGRESSIVE;
				GCC_WARN_UNUSED_FUNCTION = YES;
				GCC_WARN_UNUSED_VARIABLE = YES;
				IPHONEOS_DEPLOYMENT_TARGET = 17.5;
				LOCALIZATION_PREFERS_STRING_CATALOGS = YES;
				MTL_ENABLE_DEBUG_INFO = NO;
				MTL_FAST_MATH = YES;
				SDKROOT = iphoneos;
				SWIFT_COMPILATION_MODE = wholemodule;
				VALIDATE_PRODUCT = YES;
			};
			name = Release;
		};
		FD22A1E52C33801900763C01 /* Debug */ = {
			isa = XCBuildConfiguration;
			buildSettings = {
				ASSETCATALOG_COMPILER_APPICON_NAME = AppIcon;
				ASSETCATALOG_COMPILER_GLOBAL_ACCENT_COLOR_NAME = AccentColor;
				CODE_SIGN_STYLE = Manual;
				CURRENT_PROJECT_VERSION = 1;
				DEVELOPMENT_ASSET_PATHS = "\"pexels-test/Preview Content\"";
				DEVELOPMENT_TEAM = "";
				ENABLE_PREVIEWS = YES;
				ENABLE_USER_SCRIPT_SANDBOXING = NO;
				GENERATE_INFOPLIST_FILE = YES;
				INFOPLIST_KEY_UIApplicationSceneManifest_Generation = YES;
				INFOPLIST_KEY_UIApplicationSupportsIndirectInputEvents = YES;
				INFOPLIST_KEY_UILaunchScreen_Generation = YES;
				INFOPLIST_KEY_UISupportedInterfaceOrientations_iPad = "UIInterfaceOrientationPortrait UIInterfaceOrientationPortraitUpsideDown UIInterfaceOrientationLandscapeLeft UIInterfaceOrientationLandscapeRight";
				INFOPLIST_KEY_UISupportedInterfaceOrientations_iPhone = "UIInterfaceOrientationPortrait UIInterfaceOrientationLandscapeLeft UIInterfaceOrientationLandscapeRight";
				IPHONEOS_DEPLOYMENT_TARGET = 17.0;
				LD_RUNPATH_SEARCH_PATHS = (
					"$(inherited)",
					"@executable_path/Frameworks",
				);
				MARKETING_VERSION = 1.0;
				PRODUCT_BUNDLE_IDENTIFIER = "com.cucobein.pexels-test";
				PRODUCT_NAME = "$(TARGET_NAME)";
				PROVISIONING_PROFILE_SPECIFIER = "";
				SUPPORTED_PLATFORMS = "iphoneos iphonesimulator";
				SUPPORTS_MACCATALYST = NO;
				SUPPORTS_MAC_DESIGNED_FOR_IPHONE_IPAD = NO;
				SUPPORTS_XR_DESIGNED_FOR_IPHONE_IPAD = NO;
				SWIFT_EMIT_LOC_STRINGS = YES;
				SWIFT_VERSION = 5.0;
				TARGETED_DEVICE_FAMILY = "1,2";
			};
			name = Debug;
		};
		FD22A1E62C33801900763C01 /* Release */ = {
			isa = XCBuildConfiguration;
			buildSettings = {
				ASSETCATALOG_COMPILER_APPICON_NAME = AppIcon;
				ASSETCATALOG_COMPILER_GLOBAL_ACCENT_COLOR_NAME = AccentColor;
				CODE_SIGN_STYLE = Manual;
				CURRENT_PROJECT_VERSION = 1;
				DEVELOPMENT_ASSET_PATHS = "\"pexels-test/Preview Content\"";
				DEVELOPMENT_TEAM = "";
				ENABLE_PREVIEWS = YES;
				ENABLE_USER_SCRIPT_SANDBOXING = NO;
				GENERATE_INFOPLIST_FILE = YES;
				INFOPLIST_KEY_UIApplicationSceneManifest_Generation = YES;
				INFOPLIST_KEY_UIApplicationSupportsIndirectInputEvents = YES;
				INFOPLIST_KEY_UILaunchScreen_Generation = YES;
				INFOPLIST_KEY_UISupportedInterfaceOrientations_iPad = "UIInterfaceOrientationPortrait UIInterfaceOrientationPortraitUpsideDown UIInterfaceOrientationLandscapeLeft UIInterfaceOrientationLandscapeRight";
				INFOPLIST_KEY_UISupportedInterfaceOrientations_iPhone = "UIInterfaceOrientationPortrait UIInterfaceOrientationLandscapeLeft UIInterfaceOrientationLandscapeRight";
				IPHONEOS_DEPLOYMENT_TARGET = 17.0;
				LD_RUNPATH_SEARCH_PATHS = (
					"$(inherited)",
					"@executable_path/Frameworks",
				);
				MARKETING_VERSION = 1.0;
				PRODUCT_BUNDLE_IDENTIFIER = "com.cucobein.pexels-test";
				PRODUCT_NAME = "$(TARGET_NAME)";
				PROVISIONING_PROFILE_SPECIFIER = "";
				SUPPORTED_PLATFORMS = "iphoneos iphonesimulator";
				SUPPORTS_MACCATALYST = NO;
				SUPPORTS_MAC_DESIGNED_FOR_IPHONE_IPAD = NO;
				SUPPORTS_XR_DESIGNED_FOR_IPHONE_IPAD = NO;
				SWIFT_EMIT_LOC_STRINGS = YES;
				SWIFT_VERSION = 5.0;
				TARGETED_DEVICE_FAMILY = "1,2";
			};
			name = Release;
		};
		FD22A1E82C33801900763C01 /* Debug */ = {
			isa = XCBuildConfiguration;
			buildSettings = {
				ALWAYS_EMBED_SWIFT_STANDARD_LIBRARIES = YES;
				BUNDLE_LOADER = "$(TEST_HOST)";
				CLANG_ENABLE_MODULES = YES;
				CODE_SIGN_STYLE = Automatic;
				CURRENT_PROJECT_VERSION = 1;
				GENERATE_INFOPLIST_FILE = YES;
				IPHONEOS_DEPLOYMENT_TARGET = 17.0;
				MARKETING_VERSION = 1.0;
				PRODUCT_BUNDLE_IDENTIFIER = "com.cucobein.pexels-testTests";
				PRODUCT_NAME = "$(TARGET_NAME)";
				SWIFT_EMIT_LOC_STRINGS = NO;
				SWIFT_OPTIMIZATION_LEVEL = "-Onone";
				SWIFT_VERSION = 5.0;
				TARGETED_DEVICE_FAMILY = "1,2";
				TEST_HOST = "$(BUILT_PRODUCTS_DIR)/pexels-test.app/$(BUNDLE_EXECUTABLE_FOLDER_PATH)/pexels-test";
			};
			name = Debug;
		};
		FD22A1E92C33801900763C01 /* Release */ = {
			isa = XCBuildConfiguration;
			buildSettings = {
				ALWAYS_EMBED_SWIFT_STANDARD_LIBRARIES = YES;
				BUNDLE_LOADER = "$(TEST_HOST)";
				CLANG_ENABLE_MODULES = YES;
				CODE_SIGN_STYLE = Automatic;
				CURRENT_PROJECT_VERSION = 1;
				GENERATE_INFOPLIST_FILE = YES;
				IPHONEOS_DEPLOYMENT_TARGET = 17.0;
				MARKETING_VERSION = 1.0;
				PRODUCT_BUNDLE_IDENTIFIER = "com.cucobein.pexels-testTests";
				PRODUCT_NAME = "$(TARGET_NAME)";
				SWIFT_EMIT_LOC_STRINGS = NO;
				SWIFT_VERSION = 5.0;
				TARGETED_DEVICE_FAMILY = "1,2";
				TEST_HOST = "$(BUILT_PRODUCTS_DIR)/pexels-test.app/$(BUNDLE_EXECUTABLE_FOLDER_PATH)/pexels-test";
			};
			name = Release;
		};
		FD22A1EB2C33801900763C01 /* Debug */ = {
			isa = XCBuildConfiguration;
			buildSettings = {
				ALWAYS_EMBED_SWIFT_STANDARD_LIBRARIES = YES;
				CLANG_ENABLE_MODULES = YES;
				CODE_SIGN_STYLE = Automatic;
				CURRENT_PROJECT_VERSION = 1;
				GENERATE_INFOPLIST_FILE = YES;
				IPHONEOS_DEPLOYMENT_TARGET = 17.0;
				MARKETING_VERSION = 1.0;
				PRODUCT_BUNDLE_IDENTIFIER = "com.cucobein.pexels-testUITests";
				PRODUCT_NAME = "$(TARGET_NAME)";
				SWIFT_EMIT_LOC_STRINGS = NO;
				SWIFT_OPTIMIZATION_LEVEL = "-Onone";
				SWIFT_VERSION = 5.0;
				TARGETED_DEVICE_FAMILY = "1,2";
				TEST_TARGET_NAME = "pexels-test";
			};
			name = Debug;
		};
		FD22A1EC2C33801900763C01 /* Release */ = {
			isa = XCBuildConfiguration;
			buildSettings = {
				ALWAYS_EMBED_SWIFT_STANDARD_LIBRARIES = YES;
				CLANG_ENABLE_MODULES = YES;
				CODE_SIGN_STYLE = Automatic;
				CURRENT_PROJECT_VERSION = 1;
				GENERATE_INFOPLIST_FILE = YES;
				IPHONEOS_DEPLOYMENT_TARGET = 17.0;
				MARKETING_VERSION = 1.0;
				PRODUCT_BUNDLE_IDENTIFIER = "com.cucobein.pexels-testUITests";
				PRODUCT_NAME = "$(TARGET_NAME)";
				SWIFT_EMIT_LOC_STRINGS = NO;
				SWIFT_VERSION = 5.0;
				TARGETED_DEVICE_FAMILY = "1,2";
				TEST_TARGET_NAME = "pexels-test";
			};
			name = Release;
		};
/* End XCBuildConfiguration section */

/* Begin XCConfigurationList section */
		FD22A1BB2C33801700763C01 /* Build configuration list for PBXProject "pexels-test" */ = {
			isa = XCConfigurationList;
			buildConfigurations = (
				FD22A1E22C33801900763C01 /* Debug */,
				FD22A1E32C33801900763C01 /* Release */,
			);
			defaultConfigurationIsVisible = 0;
			defaultConfigurationName = Release;
		};
		FD22A1E42C33801900763C01 /* Build configuration list for PBXNativeTarget "pexels-test" */ = {
			isa = XCConfigurationList;
			buildConfigurations = (
				FD22A1E52C33801900763C01 /* Debug */,
				FD22A1E62C33801900763C01 /* Release */,
			);
			defaultConfigurationIsVisible = 0;
			defaultConfigurationName = Release;
		};
		FD22A1E72C33801900763C01 /* Build configuration list for PBXNativeTarget "pexels-testTests" */ = {
			isa = XCConfigurationList;
			buildConfigurations = (
				FD22A1E82C33801900763C01 /* Debug */,
				FD22A1E92C33801900763C01 /* Release */,
			);
			defaultConfigurationIsVisible = 0;
			defaultConfigurationName = Release;
		};
		FD22A1EA2C33801900763C01 /* Build configuration list for PBXNativeTarget "pexels-testUITests" */ = {
			isa = XCConfigurationList;
			buildConfigurations = (
				FD22A1EB2C33801900763C01 /* Debug */,
				FD22A1EC2C33801900763C01 /* Release */,
			);
			defaultConfigurationIsVisible = 0;
			defaultConfigurationName = Release;
		};
/* End XCConfigurationList section */

/* Begin XCRemoteSwiftPackageReference section */
		FD789BA52C34F0AB008A759D /* XCRemoteSwiftPackageReference "realm-swift" */ = {
			isa = XCRemoteSwiftPackageReference;
			repositoryURL = "https://github.com/realm/realm-swift.git";
			requirement = {
				kind = upToNextMajorVersion;
				minimumVersion = 10.52.0;
			};
		};
/* End XCRemoteSwiftPackageReference section */

/* Begin XCSwiftPackageProductDependency section */
		FD789BAF2C34F4F8008A759D /* RealmSwift */ = {
			isa = XCSwiftPackageProductDependency;
			package = FD789BA52C34F0AB008A759D /* XCRemoteSwiftPackageReference "realm-swift" */;
			productName = RealmSwift;
		};
		FD789BCF2C35096A008A759D /* RealmSwift */ = {
			isa = XCSwiftPackageProductDependency;
			package = FD789BA52C34F0AB008A759D /* XCRemoteSwiftPackageReference "realm-swift" */;
			productName = RealmSwift;
		};
/* End XCSwiftPackageProductDependency section */
	};
	rootObject = FD22A1B82C33801700763C01 /* Project object */;
}
